// !$*UTF8*$!
{
	archiveVersion = 1;
	classes = {
	};
	objectVersion = 46;
	objects = {

/* Begin PBXBuildFile section */
		7D4501BB1F5FE32500432283 /* LocationSearch.swift in Sources */ = {isa = PBXBuildFile; fileRef = 7D4501BA1F5FE32500432283 /* LocationSearch.swift */; };
		7D51007B2009F5D400AA7104 /* Travel Details.pdf in Resources */ = {isa = PBXBuildFile; fileRef = 7D51007A2009F5D400AA7104 /* Travel Details.pdf */; };
		7D51007D2009FF2400AA7104 /* TransportPDFViewController.swift in Sources */ = {isa = PBXBuildFile; fileRef = 7D51007C2009FF2400AA7104 /* TransportPDFViewController.swift */; };
		7D8168191FBB58D000DCC4BC /* DetailViewController.swift in Sources */ = {isa = PBXBuildFile; fileRef = 7D8168181FBB58D000DCC4BC /* DetailViewController.swift */; };
		7D81681B1FBB59AA00DCC4BC /* Room.swift in Sources */ = {isa = PBXBuildFile; fileRef = 7D81681A1FBB59AA00DCC4BC /* Room.swift */; };
		7D8BF01D2009BB90003874F4 /* Saturday Night Excursion.pdf in Resources */ = {isa = PBXBuildFile; fileRef = 7D8BF01C2009BB90003874F4 /* Saturday Night Excursion.pdf */; };
		7D8BF01F2009BBA3003874F4 /* ShanghaiViewController.swift in Sources */ = {isa = PBXBuildFile; fileRef = 7D8BF01E2009BBA3003874F4 /* ShanghaiViewController.swift */; };
		7D8BF0212009BBB4003874F4 /* SaturdayPDFViewController.swift in Sources */ = {isa = PBXBuildFile; fileRef = 7D8BF0202009BBB4003874F4 /* SaturdayPDFViewController.swift */; };
		7DC153A3200A885C00DCB691 /* LiveUpdateViewController.swift in Sources */ = {isa = PBXBuildFile; fileRef = 7DC153A2200A885C00DCB691 /* LiveUpdateViewController.swift */; };
		9A07ED461F126D3500BDA478 /* MUN.storyboard in Resources */ = {isa = PBXBuildFile; fileRef = 9A07ED451F126D3500BDA478 /* MUN.storyboard */; };
		9A07ED481F126D7C00BDA478 /* GIN.storyboard in Resources */ = {isa = PBXBuildFile; fileRef = 9A07ED471F126D7C00BDA478 /* GIN.storyboard */; };
		9A07ED4A1F12765400BDA478 /* MoreScreenViewController.swift in Sources */ = {isa = PBXBuildFile; fileRef = 9A07ED491F12765400BDA478 /* MoreScreenViewController.swift */; };
		9A168C551F2CE7CF001685AD /* DiningViewController.swift in Sources */ = {isa = PBXBuildFile; fileRef = 9A168C541F2CE7CF001685AD /* DiningViewController.swift */; };
		9A3336681FC679BD005C4A24 /* MUNProcedureViewController.swift in Sources */ = {isa = PBXBuildFile; fileRef = 9A3336671FC679BD005C4A24 /* MUNProcedureViewController.swift */; };
		9A4378621F80002300375C34 /* UIViewExtensions.swift in Sources */ = {isa = PBXBuildFile; fileRef = 9A4378611F80002300375C34 /* UIViewExtensions.swift */; };
		9A5FF90D2005A74900DB5E8E /* Appendix II- United Nations Charter.pdf in Resources */ = {isa = PBXBuildFile; fileRef = 9A5FF9072005A74800DB5E8E /* Appendix II- United Nations Charter.pdf */; };
		9A5FF90E2005A74900DB5E8E /* CISSMUN Rules of Procedure.pdf in Resources */ = {isa = PBXBuildFile; fileRef = 9A5FF9082005A74800DB5E8E /* CISSMUN Rules of Procedure.pdf */; };
		9A5FF90F2005A74900DB5E8E /* Appendix I- THIMUN Rules of Procedure.pdf in Resources */ = {isa = PBXBuildFile; fileRef = 9A5FF9092005A74800DB5E8E /* Appendix I- THIMUN Rules of Procedure.pdf */; };
		9A5FF9102005A74900DB5E8E /* Chairing at CISSMUN.pdf in Resources */ = {isa = PBXBuildFile; fileRef = 9A5FF90A2005A74900DB5E8E /* Chairing at CISSMUN.pdf */; };
		9A5FF9112005A74900DB5E8E /* Student Officer Roster.pdf in Resources */ = {isa = PBXBuildFile; fileRef = 9A5FF90B2005A74900DB5E8E /* Student Officer Roster.pdf */; };
		9A5FF9122005A74900DB5E8E /* Preparatory Meeting Guidelines.pdf in Resources */ = {isa = PBXBuildFile; fileRef = 9A5FF90C2005A74900DB5E8E /* Preparatory Meeting Guidelines.pdf */; };
		9A6C0EC01F2485A700094667 /* AttractionsViewController.swift in Sources */ = {isa = PBXBuildFile; fileRef = 9A6C0EBF1F2485A700094667 /* AttractionsViewController.swift */; };
		9A9B61341FD69BC2004772FF /* SpaghettiViewController.swift in Sources */ = {isa = PBXBuildFile; fileRef = 9A9B61331FD69BC2004772FF /* SpaghettiViewController.swift */; };
		9A9FC04C1ED5D165006E95A1 /* AppDelegate.swift in Sources */ = {isa = PBXBuildFile; fileRef = 9A9FC04B1ED5D165006E95A1 /* AppDelegate.swift */; };
		9A9FC04E1ED5D165006E95A1 /* MUNScheduleViewController.swift in Sources */ = {isa = PBXBuildFile; fileRef = 9A9FC04D1ED5D165006E95A1 /* MUNScheduleViewController.swift */; };
		9A9FC0501ED5D165006E95A1 /* MUNHomeViewController.swift in Sources */ = {isa = PBXBuildFile; fileRef = 9A9FC04F1ED5D165006E95A1 /* MUNHomeViewController.swift */; };
		9A9FC0531ED5D165006E95A1 /* Main.storyboard in Resources */ = {isa = PBXBuildFile; fileRef = 9A9FC0511ED5D165006E95A1 /* Main.storyboard */; };
		9A9FC0551ED5D165006E95A1 /* Assets.xcassets in Resources */ = {isa = PBXBuildFile; fileRef = 9A9FC0541ED5D165006E95A1 /* Assets.xcassets */; };
		9A9FC0581ED5D165006E95A1 /* LaunchScreen.storyboard in Resources */ = {isa = PBXBuildFile; fileRef = 9A9FC0561ED5D165006E95A1 /* LaunchScreen.storyboard */; };
		9AC54D2E1EE84B3700E87B88 /* MapViewController.swift in Sources */ = {isa = PBXBuildFile; fileRef = 9AC54D2D1EE84B3700E87B88 /* MapViewController.swift */; };
		9AC54D321EE84BB900E87B88 /* GINHomeViewController.swift in Sources */ = {isa = PBXBuildFile; fileRef = 9AC54D311EE84BB900E87B88 /* GINHomeViewController.swift */; };
		9ACDEE2C1FC6C160003BFE42 /* MUNPDFViewController.swift in Sources */ = {isa = PBXBuildFile; fileRef = 9ACDEE2B1FC6C160003BFE42 /* MUNPDFViewController.swift */; };
		9AD06A471FDC433500E1296E /* Cover Page.pdf in Resources */ = {isa = PBXBuildFile; fileRef = 9AD06A401FDC433300E1296E /* Cover Page.pdf */; };
		9AD5687A1EEAB911001D1584 /* WelcomeViewController.swift in Sources */ = {isa = PBXBuildFile; fileRef = 9AD568791EEAB911001D1584 /* WelcomeViewController.swift */; };
		9AE0A3291EE92AAC0078144B /* SettingsTableViewController.swift in Sources */ = {isa = PBXBuildFile; fileRef = 9AE0A3281EE92AAC0078144B /* SettingsTableViewController.swift */; };
		9AE297EB1F599232000AF9C7 /* DropShadow.swift in Sources */ = {isa = PBXBuildFile; fileRef = 9AE297EA1F599232000AF9C7 /* DropShadow.swift */; };
		9AFA21511EE9264C006E677E /* GINKeynoteViewController.swift in Sources */ = {isa = PBXBuildFile; fileRef = 9AFA21501EE9264C006E677E /* GINKeynoteViewController.swift */; };
		F36119A51F2F37FD00213B63 /* MapsController.swift in Sources */ = {isa = PBXBuildFile; fileRef = F36119A41F2F37FD00213B63 /* MapsController.swift */; };
		F3636E0D1F5055F5008702BB /* HSViewController.swift in Sources */ = {isa = PBXBuildFile; fileRef = F3636E0C1F5055F5008702BB /* HSViewController.swift */; };
		F3636E0F1F58F8D6008702BB /* MSViewController.swift in Sources */ = {isa = PBXBuildFile; fileRef = F3636E0E1F58F8D6008702BB /* MSViewController.swift */; };
		F3636E111F58FD40008702BB /* PCViewController.swift in Sources */ = {isa = PBXBuildFile; fileRef = F3636E101F58FD40008702BB /* PCViewController.swift */; };
		F3636E131F59018B008702BB /* RCViewController.swift in Sources */ = {isa = PBXBuildFile; fileRef = F3636E121F59018B008702BB /* RCViewController.swift */; };
		F3636E151F5BD5CE008702BB /* ESViewController.swift in Sources */ = {isa = PBXBuildFile; fileRef = F3636E141F5BD5CE008702BB /* ESViewController.swift */; };
		F3A350871FAE3264006039F8 /* CellsViewController.swift in Sources */ = {isa = PBXBuildFile; fileRef = F3A350861FAE3264006039F8 /* CellsViewController.swift */; };
		F3A3C93C1FD842F1000B5199 /* AcknowledgementsViewController.swift in Sources */ = {isa = PBXBuildFile; fileRef = F3A3C93B1FD842F1000B5199 /* AcknowledgementsViewController.swift */; };
/* End PBXBuildFile section */

/* Begin PBXFileReference section */
		7D4501BA1F5FE32500432283 /* LocationSearch.swift */ = {isa = PBXFileReference; fileEncoding = 4; lastKnownFileType = sourcecode.swift; path = LocationSearch.swift; sourceTree = "<group>"; };
		7D51007A2009F5D400AA7104 /* Travel Details.pdf */ = {isa = PBXFileReference; lastKnownFileType = image.pdf; path = "Travel Details.pdf"; sourceTree = "<group>"; };
		7D51007C2009FF2400AA7104 /* TransportPDFViewController.swift */ = {isa = PBXFileReference; lastKnownFileType = sourcecode.swift; path = TransportPDFViewController.swift; sourceTree = "<group>"; };
		7D8168181FBB58D000DCC4BC /* DetailViewController.swift */ = {isa = PBXFileReference; lastKnownFileType = sourcecode.swift; path = DetailViewController.swift; sourceTree = "<group>"; };
		7D81681A1FBB59AA00DCC4BC /* Room.swift */ = {isa = PBXFileReference; lastKnownFileType = sourcecode.swift; path = Room.swift; sourceTree = "<group>"; };
		7D8BF01C2009BB90003874F4 /* Saturday Night Excursion.pdf */ = {isa = PBXFileReference; lastKnownFileType = image.pdf; path = "Saturday Night Excursion.pdf"; sourceTree = "<group>"; };
		7D8BF01E2009BBA3003874F4 /* ShanghaiViewController.swift */ = {isa = PBXFileReference; lastKnownFileType = sourcecode.swift; path = ShanghaiViewController.swift; sourceTree = "<group>"; };
		7D8BF0202009BBB4003874F4 /* SaturdayPDFViewController.swift */ = {isa = PBXFileReference; lastKnownFileType = sourcecode.swift; path = SaturdayPDFViewController.swift; sourceTree = "<group>"; };
		7DC153A2200A885C00DCB691 /* LiveUpdateViewController.swift */ = {isa = PBXFileReference; lastKnownFileType = sourcecode.swift; path = LiveUpdateViewController.swift; sourceTree = "<group>"; };
		9A07ED451F126D3500BDA478 /* MUN.storyboard */ = {isa = PBXFileReference; fileEncoding = 4; lastKnownFileType = file.storyboard; path = MUN.storyboard; sourceTree = "<group>"; };
		9A07ED471F126D7C00BDA478 /* GIN.storyboard */ = {isa = PBXFileReference; fileEncoding = 4; lastKnownFileType = file.storyboard; path = GIN.storyboard; sourceTree = "<group>"; };
		9A07ED491F12765400BDA478 /* MoreScreenViewController.swift */ = {isa = PBXFileReference; fileEncoding = 4; lastKnownFileType = sourcecode.swift; path = MoreScreenViewController.swift; sourceTree = "<group>"; };
		9A168C541F2CE7CF001685AD /* DiningViewController.swift */ = {isa = PBXFileReference; fileEncoding = 4; lastKnownFileType = sourcecode.swift; path = DiningViewController.swift; sourceTree = "<group>"; };
		9A3336671FC679BD005C4A24 /* MUNProcedureViewController.swift */ = {isa = PBXFileReference; lastKnownFileType = sourcecode.swift; path = MUNProcedureViewController.swift; sourceTree = "<group>"; };
		9A4378611F80002300375C34 /* UIViewExtensions.swift */ = {isa = PBXFileReference; lastKnownFileType = sourcecode.swift; path = UIViewExtensions.swift; sourceTree = "<group>"; };
		9A5FF9072005A74800DB5E8E /* Appendix II- United Nations Charter.pdf */ = {isa = PBXFileReference; lastKnownFileType = image.pdf; path = "Appendix II- United Nations Charter.pdf"; sourceTree = "<group>"; };
		9A5FF9082005A74800DB5E8E /* CISSMUN Rules of Procedure.pdf */ = {isa = PBXFileReference; lastKnownFileType = image.pdf; path = "CISSMUN Rules of Procedure.pdf"; sourceTree = "<group>"; };
		9A5FF9092005A74800DB5E8E /* Appendix I- THIMUN Rules of Procedure.pdf */ = {isa = PBXFileReference; lastKnownFileType = image.pdf; path = "Appendix I- THIMUN Rules of Procedure.pdf"; sourceTree = "<group>"; };
		9A5FF90A2005A74900DB5E8E /* Chairing at CISSMUN.pdf */ = {isa = PBXFileReference; lastKnownFileType = image.pdf; path = "Chairing at CISSMUN.pdf"; sourceTree = "<group>"; };
		9A5FF90B2005A74900DB5E8E /* Student Officer Roster.pdf */ = {isa = PBXFileReference; lastKnownFileType = image.pdf; path = "Student Officer Roster.pdf"; sourceTree = "<group>"; };
		9A5FF90C2005A74900DB5E8E /* Preparatory Meeting Guidelines.pdf */ = {isa = PBXFileReference; lastKnownFileType = image.pdf; path = "Preparatory Meeting Guidelines.pdf"; sourceTree = "<group>"; };
		9A6C0EBF1F2485A700094667 /* AttractionsViewController.swift */ = {isa = PBXFileReference; fileEncoding = 4; lastKnownFileType = sourcecode.swift; path = AttractionsViewController.swift; sourceTree = "<group>"; };
		9A9B61331FD69BC2004772FF /* SpaghettiViewController.swift */ = {isa = PBXFileReference; lastKnownFileType = sourcecode.swift; path = SpaghettiViewController.swift; sourceTree = "<group>"; };
		9A9FC0481ED5D165006E95A1 /* CISSMUN.app */ = {isa = PBXFileReference; explicitFileType = wrapper.application; includeInIndex = 0; path = CISSMUN.app; sourceTree = BUILT_PRODUCTS_DIR; };
		9A9FC04B1ED5D165006E95A1 /* AppDelegate.swift */ = {isa = PBXFileReference; lastKnownFileType = sourcecode.swift; path = AppDelegate.swift; sourceTree = "<group>"; };
		9A9FC04D1ED5D165006E95A1 /* MUNScheduleViewController.swift */ = {isa = PBXFileReference; lastKnownFileType = sourcecode.swift; path = MUNScheduleViewController.swift; sourceTree = "<group>"; };
		9A9FC04F1ED5D165006E95A1 /* MUNHomeViewController.swift */ = {isa = PBXFileReference; lastKnownFileType = sourcecode.swift; path = MUNHomeViewController.swift; sourceTree = "<group>"; };
		9A9FC0521ED5D165006E95A1 /* Base */ = {isa = PBXFileReference; lastKnownFileType = file.storyboard; name = Base; path = Base.lproj/Main.storyboard; sourceTree = "<group>"; };
		9A9FC0541ED5D165006E95A1 /* Assets.xcassets */ = {isa = PBXFileReference; lastKnownFileType = folder.assetcatalog; path = Assets.xcassets; sourceTree = "<group>"; };
		9A9FC0571ED5D165006E95A1 /* Base */ = {isa = PBXFileReference; lastKnownFileType = file.storyboard; name = Base; path = Base.lproj/LaunchScreen.storyboard; sourceTree = "<group>"; };
		9A9FC0591ED5D165006E95A1 /* Info.plist */ = {isa = PBXFileReference; lastKnownFileType = text.plist.xml; path = Info.plist; sourceTree = "<group>"; };
		9AC54D2D1EE84B3700E87B88 /* MapViewController.swift */ = {isa = PBXFileReference; fileEncoding = 4; lastKnownFileType = sourcecode.swift; path = MapViewController.swift; sourceTree = "<group>"; };
		9AC54D311EE84BB900E87B88 /* GINHomeViewController.swift */ = {isa = PBXFileReference; fileEncoding = 4; lastKnownFileType = sourcecode.swift; path = GINHomeViewController.swift; sourceTree = "<group>"; };
		9ACDEE2B1FC6C160003BFE42 /* MUNPDFViewController.swift */ = {isa = PBXFileReference; lastKnownFileType = sourcecode.swift; path = MUNPDFViewController.swift; sourceTree = "<group>"; };
		9AD06A401FDC433300E1296E /* Cover Page.pdf */ = {isa = PBXFileReference; lastKnownFileType = image.pdf; path = "Cover Page.pdf"; sourceTree = "<group>"; };
		9AD568791EEAB911001D1584 /* WelcomeViewController.swift */ = {isa = PBXFileReference; fileEncoding = 4; lastKnownFileType = sourcecode.swift; path = WelcomeViewController.swift; sourceTree = "<group>"; };
		9AE0A3281EE92AAC0078144B /* SettingsTableViewController.swift */ = {isa = PBXFileReference; fileEncoding = 4; lastKnownFileType = sourcecode.swift; path = SettingsTableViewController.swift; sourceTree = "<group>"; };
		9AE297EA1F599232000AF9C7 /* DropShadow.swift */ = {isa = PBXFileReference; fileEncoding = 4; lastKnownFileType = sourcecode.swift; path = DropShadow.swift; sourceTree = "<group>"; };
		9AFA21501EE9264C006E677E /* GINKeynoteViewController.swift */ = {isa = PBXFileReference; fileEncoding = 4; lastKnownFileType = sourcecode.swift; path = GINKeynoteViewController.swift; sourceTree = "<group>"; };
		F36119A41F2F37FD00213B63 /* MapsController.swift */ = {isa = PBXFileReference; fileEncoding = 4; lastKnownFileType = sourcecode.swift; path = MapsController.swift; sourceTree = "<group>"; };
		F3636E0C1F5055F5008702BB /* HSViewController.swift */ = {isa = PBXFileReference; fileEncoding = 4; lastKnownFileType = sourcecode.swift; path = HSViewController.swift; sourceTree = "<group>"; };
		F3636E0E1F58F8D6008702BB /* MSViewController.swift */ = {isa = PBXFileReference; fileEncoding = 4; lastKnownFileType = sourcecode.swift; path = MSViewController.swift; sourceTree = "<group>"; };
		F3636E101F58FD40008702BB /* PCViewController.swift */ = {isa = PBXFileReference; fileEncoding = 4; lastKnownFileType = sourcecode.swift; path = PCViewController.swift; sourceTree = "<group>"; };
		F3636E121F59018B008702BB /* RCViewController.swift */ = {isa = PBXFileReference; fileEncoding = 4; lastKnownFileType = sourcecode.swift; path = RCViewController.swift; sourceTree = "<group>"; };
		F3636E141F5BD5CE008702BB /* ESViewController.swift */ = {isa = PBXFileReference; fileEncoding = 4; lastKnownFileType = sourcecode.swift; path = ESViewController.swift; sourceTree = "<group>"; };
		F3A350861FAE3264006039F8 /* CellsViewController.swift */ = {isa = PBXFileReference; lastKnownFileType = sourcecode.swift; path = CellsViewController.swift; sourceTree = "<group>"; };
		F3A3C93B1FD842F1000B5199 /* AcknowledgementsViewController.swift */ = {isa = PBXFileReference; lastKnownFileType = sourcecode.swift; path = AcknowledgementsViewController.swift; sourceTree = "<group>"; };
/* End PBXFileReference section */

/* Begin PBXFrameworksBuildPhase section */
		9A9FC0451ED5D165006E95A1 /* Frameworks */ = {
			isa = PBXFrameworksBuildPhase;
			buildActionMask = 2147483647;
			files = (
			);
			runOnlyForDeploymentPostprocessing = 0;
		};
/* End PBXFrameworksBuildPhase section */

/* Begin PBXGroup section */
		7D8BF01B2009BB84003874F4 /* PDFs */ = {
			isa = PBXGroup;
			children = (
				7D8BF01C2009BB90003874F4 /* Saturday Night Excursion.pdf */,
				7D51007A2009F5D400AA7104 /* Travel Details.pdf */,
			);
			name = PDFs;
			sourceTree = "<group>";
		};
		9A07ED4B1F127ABE00BDA478 /* Shared */ = {
			isa = PBXGroup;
			children = (
				7D8BF01E2009BBA3003874F4 /* ShanghaiViewController.swift */,
				9A9FC0511ED5D165006E95A1 /* Main.storyboard */,
				7D51007C2009FF2400AA7104 /* TransportPDFViewController.swift */,
				7D8BF0202009BBB4003874F4 /* SaturdayPDFViewController.swift */,
				7D8BF01B2009BB84003874F4 /* PDFs */,
				F3A3C93B1FD842F1000B5199 /* AcknowledgementsViewController.swift */,
				7D8168181FBB58D000DCC4BC /* DetailViewController.swift */,
				7D81681A1FBB59AA00DCC4BC /* Room.swift */,
				F3A350861FAE3264006039F8 /* CellsViewController.swift */,
				7D4501BA1F5FE32500432283 /* LocationSearch.swift */,
				F3636E121F59018B008702BB /* RCViewController.swift */,
				F3636E141F5BD5CE008702BB /* ESViewController.swift */,
				F3636E101F58FD40008702BB /* PCViewController.swift */,
				F3636E0C1F5055F5008702BB /* HSViewController.swift */,
				F3636E0E1F58F8D6008702BB /* MSViewController.swift */,
				F36119A41F2F37FD00213B63 /* MapsController.swift */,
				9AE0A3281EE92AAC0078144B /* SettingsTableViewController.swift */,
				9AD568791EEAB911001D1584 /* WelcomeViewController.swift */,
				9AC54D2D1EE84B3700E87B88 /* MapViewController.swift */,
				9A07ED491F12765400BDA478 /* MoreScreenViewController.swift */,
				9A9B61331FD69BC2004772FF /* SpaghettiViewController.swift */,
				9A6C0EBF1F2485A700094667 /* AttractionsViewController.swift */,
				9A168C541F2CE7CF001685AD /* DiningViewController.swift */,
				9AE297EA1F599232000AF9C7 /* DropShadow.swift */,
				9A4378611F80002300375C34 /* UIViewExtensions.swift */,
			);
			name = Shared;
			sourceTree = "<group>";
		};
		9A6B51A41FC6B289005D71D5 /* PDFs */ = {
			isa = PBXGroup;
			children = (
				9A5FF9092005A74800DB5E8E /* Appendix I- THIMUN Rules of Procedure.pdf */,
				9A5FF9072005A74800DB5E8E /* Appendix II- United Nations Charter.pdf */,
				9A5FF90A2005A74900DB5E8E /* Chairing at CISSMUN.pdf */,
				9A5FF9082005A74800DB5E8E /* CISSMUN Rules of Procedure.pdf */,
				9A5FF90C2005A74900DB5E8E /* Preparatory Meeting Guidelines.pdf */,
				9A5FF90B2005A74900DB5E8E /* Student Officer Roster.pdf */,
				9AD06A401FDC433300E1296E /* Cover Page.pdf */,
			);
			name = PDFs;
			sourceTree = "<group>";
		};
		9A9FC03F1ED5D165006E95A1 = {
			isa = PBXGroup;
			children = (
				9A9FC04A1ED5D165006E95A1 /* CISSMUN */,
				9A9FC0491ED5D165006E95A1 /* Products */,
				A6E38419470B913C2224E8A5 /* Frameworks */,
			);
			sourceTree = "<group>";
		};
		9A9FC0491ED5D165006E95A1 /* Products */ = {
			isa = PBXGroup;
			children = (
				9A9FC0481ED5D165006E95A1 /* CISSMUN.app */,
			);
			name = Products;
			sourceTree = "<group>";
		};
		9A9FC04A1ED5D165006E95A1 /* CISSMUN */ = {
			isa = PBXGroup;
			children = (
				9A07ED4B1F127ABE00BDA478 /* Shared */,
				9AC54D301EE84B7E00E87B88 /* GIN */,
				9AC54D2F1EE84B7000E87B88 /* MUN */,
				9A9FC04B1ED5D165006E95A1 /* AppDelegate.swift */,
				9A9FC0541ED5D165006E95A1 /* Assets.xcassets */,
				9A9FC0561ED5D165006E95A1 /* LaunchScreen.storyboard */,
				9A9FC0591ED5D165006E95A1 /* Info.plist */,
			);
			name = CISSMUN;
			path = GIN;
			sourceTree = "<group>";
		};
		9AC54D2F1EE84B7000E87B88 /* MUN */ = {
			isa = PBXGroup;
			children = (
				9A6B51A41FC6B289005D71D5 /* PDFs */,
				9A07ED451F126D3500BDA478 /* MUN.storyboard */,
				7DC153A2200A885C00DCB691 /* LiveUpdateViewController.swift */,
				9A9FC04D1ED5D165006E95A1 /* MUNScheduleViewController.swift */,
				9ACDEE2B1FC6C160003BFE42 /* MUNPDFViewController.swift */,
				9A3336671FC679BD005C4A24 /* MUNProcedureViewController.swift */,
				9A9FC04F1ED5D165006E95A1 /* MUNHomeViewController.swift */,
			);
			name = MUN;
			sourceTree = "<group>";
		};
		9AC54D301EE84B7E00E87B88 /* GIN */ = {
			isa = PBXGroup;
			children = (
				9A07ED471F126D7C00BDA478 /* GIN.storyboard */,
				9AC54D311EE84BB900E87B88 /* GINHomeViewController.swift */,
				9AFA21501EE9264C006E677E /* GINKeynoteViewController.swift */,
			);
			name = GIN;
			sourceTree = "<group>";
		};
		A6E38419470B913C2224E8A5 /* Frameworks */ = {
			isa = PBXGroup;
			children = (
			);
			name = Frameworks;
			sourceTree = "<group>";
		};
/* End PBXGroup section */

/* Begin PBXNativeTarget section */
		9A9FC0471ED5D165006E95A1 /* CISSMUN */ = {
			isa = PBXNativeTarget;
			buildConfigurationList = 9A9FC05C1ED5D166006E95A1 /* Build configuration list for PBXNativeTarget "CISSMUN" */;
			buildPhases = (
				9A9FC0441ED5D165006E95A1 /* Sources */,
				9A9FC0451ED5D165006E95A1 /* Frameworks */,
				9A9FC0461ED5D165006E95A1 /* Resources */,
			);
			buildRules = (
			);
			dependencies = (
			);
			name = CISSMUN;
			productName = GIN;
			productReference = 9A9FC0481ED5D165006E95A1 /* CISSMUN.app */;
			productType = "com.apple.product-type.application";
		};
/* End PBXNativeTarget section */

/* Begin PBXProject section */
		9A9FC0401ED5D165006E95A1 /* Project object */ = {
			isa = PBXProject;
			attributes = {
				LastSwiftUpdateCheck = 0830;
				LastUpgradeCheck = 0900;
				ORGANIZATIONNAME = "Stanley Liu";
				TargetAttributes = {
					9A9FC0471ED5D165006E95A1 = {
						CreatedOnToolsVersion = 8.3.2;
						DevelopmentTeam = NB52NRZ5D5;
						LastSwiftMigration = 0900;
						ProvisioningStyle = Automatic;
						SystemCapabilities = {
							com.apple.Push = {
								enabled = 0;
							};
						};
					};
				};
			};
			buildConfigurationList = 9A9FC0431ED5D165006E95A1 /* Build configuration list for PBXProject "CISSMUN" */;
			compatibilityVersion = "Xcode 3.2";
			developmentRegion = English;
			hasScannedForEncodings = 0;
			knownRegions = (
				en,
				Base,
			);
			mainGroup = 9A9FC03F1ED5D165006E95A1;
			productRefGroup = 9A9FC0491ED5D165006E95A1 /* Products */;
			projectDirPath = "";
			projectRoot = "";
			targets = (
				9A9FC0471ED5D165006E95A1 /* CISSMUN */,
			);
		};
/* End PBXProject section */

/* Begin PBXResourcesBuildPhase section */
		9A9FC0461ED5D165006E95A1 /* Resources */ = {
			isa = PBXResourcesBuildPhase;
			buildActionMask = 2147483647;
			files = (
				9A5FF90F2005A74900DB5E8E /* Appendix I- THIMUN Rules of Procedure.pdf in Resources */,
				9A5FF9122005A74900DB5E8E /* Preparatory Meeting Guidelines.pdf in Resources */,
				9A9FC0581ED5D165006E95A1 /* LaunchScreen.storyboard in Resources */,
				9A5FF90E2005A74900DB5E8E /* CISSMUN Rules of Procedure.pdf in Resources */,
				9A5FF90D2005A74900DB5E8E /* Appendix II- United Nations Charter.pdf in Resources */,
				9AD06A471FDC433500E1296E /* Cover Page.pdf in Resources */,
				9A07ED461F126D3500BDA478 /* MUN.storyboard in Resources */,
				7D8BF01D2009BB90003874F4 /* Saturday Night Excursion.pdf in Resources */,
				9A9FC0551ED5D165006E95A1 /* Assets.xcassets in Resources */,
				9A5FF9112005A74900DB5E8E /* Student Officer Roster.pdf in Resources */,
				7D51007B2009F5D400AA7104 /* Travel Details.pdf in Resources */,
				9A9FC0531ED5D165006E95A1 /* Main.storyboard in Resources */,
				9A07ED481F126D7C00BDA478 /* GIN.storyboard in Resources */,
				9A5FF9102005A74900DB5E8E /* Chairing at CISSMUN.pdf in Resources */,
			);
			runOnlyForDeploymentPostprocessing = 0;
		};
/* End PBXResourcesBuildPhase section */

/* Begin PBXSourcesBuildPhase section */
		9A9FC0441ED5D165006E95A1 /* Sources */ = {
			isa = PBXSourcesBuildPhase;
			buildActionMask = 2147483647;
			files = (
				9A07ED4A1F12765400BDA478 /* MoreScreenViewController.swift in Sources */,
				9A9FC0501ED5D165006E95A1 /* MUNHomeViewController.swift in Sources */,
				7D81681B1FBB59AA00DCC4BC /* Room.swift in Sources */,
				7D8168191FBB58D000DCC4BC /* DetailViewController.swift in Sources */,
				7D51007D2009FF2400AA7104 /* TransportPDFViewController.swift in Sources */,
				F3636E0F1F58F8D6008702BB /* MSViewController.swift in Sources */,
				F3A3C93C1FD842F1000B5199 /* AcknowledgementsViewController.swift in Sources */,
				9A4378621F80002300375C34 /* UIViewExtensions.swift in Sources */,
				9ACDEE2C1FC6C160003BFE42 /* MUNPDFViewController.swift in Sources */,
				F3A350871FAE3264006039F8 /* CellsViewController.swift in Sources */,
				9A168C551F2CE7CF001685AD /* DiningViewController.swift in Sources */,
				9AD5687A1EEAB911001D1584 /* WelcomeViewController.swift in Sources */,
				F3636E131F59018B008702BB /* RCViewController.swift in Sources */,
				9A9FC04C1ED5D165006E95A1 /* AppDelegate.swift in Sources */,
				7D8BF01F2009BBA3003874F4 /* ShanghaiViewController.swift in Sources */,
				7D8BF0212009BBB4003874F4 /* SaturdayPDFViewController.swift in Sources */,
				7DC153A3200A885C00DCB691 /* LiveUpdateViewController.swift in Sources */,
				9AC54D2E1EE84B3700E87B88 /* MapViewController.swift in Sources */,
				7D4501BB1F5FE32500432283 /* LocationSearch.swift in Sources */,
				9A3336681FC679BD005C4A24 /* MUNProcedureViewController.swift in Sources */,
				9A9FC04E1ED5D165006E95A1 /* MUNScheduleViewController.swift in Sources */,
				F3636E111F58FD40008702BB /* PCViewController.swift in Sources */,
				9A9B61341FD69BC2004772FF /* SpaghettiViewController.swift in Sources */,
				9AC54D321EE84BB900E87B88 /* GINHomeViewController.swift in Sources */,
				9AE297EB1F599232000AF9C7 /* DropShadow.swift in Sources */,
				F3636E151F5BD5CE008702BB /* ESViewController.swift in Sources */,
				F36119A51F2F37FD00213B63 /* MapsController.swift in Sources */,
				9AFA21511EE9264C006E677E /* GINKeynoteViewController.swift in Sources */,
				9AE0A3291EE92AAC0078144B /* SettingsTableViewController.swift in Sources */,
				9A6C0EC01F2485A700094667 /* AttractionsViewController.swift in Sources */,
				F3636E0D1F5055F5008702BB /* HSViewController.swift in Sources */,
			);
			runOnlyForDeploymentPostprocessing = 0;
		};
/* End PBXSourcesBuildPhase section */

/* Begin PBXVariantGroup section */
		9A9FC0511ED5D165006E95A1 /* Main.storyboard */ = {
			isa = PBXVariantGroup;
			children = (
				9A9FC0521ED5D165006E95A1 /* Base */,
			);
			name = Main.storyboard;
			sourceTree = "<group>";
		};
		9A9FC0561ED5D165006E95A1 /* LaunchScreen.storyboard */ = {
			isa = PBXVariantGroup;
			children = (
				9A9FC0571ED5D165006E95A1 /* Base */,
			);
			name = LaunchScreen.storyboard;
			sourceTree = "<group>";
		};
/* End PBXVariantGroup section */

/* Begin XCBuildConfiguration section */
		9A9FC05A1ED5D165006E95A1 /* Debug */ = {
			isa = XCBuildConfiguration;
			buildSettings = {
				ALWAYS_SEARCH_USER_PATHS = NO;
				CLANG_ANALYZER_NONNULL = YES;
				CLANG_ANALYZER_NUMBER_OBJECT_CONVERSION = YES_AGGRESSIVE;
				CLANG_CXX_LANGUAGE_STANDARD = "gnu++0x";
				CLANG_CXX_LIBRARY = "libc++";
				CLANG_ENABLE_MODULES = YES;
				CLANG_ENABLE_OBJC_ARC = YES;
				CLANG_WARN_BLOCK_CAPTURE_AUTORELEASING = YES;
				CLANG_WARN_BOOL_CONVERSION = YES;
				CLANG_WARN_COMMA = YES;
				CLANG_WARN_CONSTANT_CONVERSION = YES;
				CLANG_WARN_DIRECT_OBJC_ISA_USAGE = YES_ERROR;
				CLANG_WARN_DOCUMENTATION_COMMENTS = YES;
				CLANG_WARN_EMPTY_BODY = YES;
				CLANG_WARN_ENUM_CONVERSION = YES;
				CLANG_WARN_INFINITE_RECURSION = YES;
				CLANG_WARN_INT_CONVERSION = YES;
				CLANG_WARN_NON_LITERAL_NULL_CONVERSION = YES;
				CLANG_WARN_OBJC_LITERAL_CONVERSION = YES;
				CLANG_WARN_OBJC_ROOT_CLASS = YES_ERROR;
				CLANG_WARN_RANGE_LOOP_ANALYSIS = YES;
				CLANG_WARN_STRICT_PROTOTYPES = YES;
				CLANG_WARN_SUSPICIOUS_MOVE = YES;
				CLANG_WARN_UNREACHABLE_CODE = YES;
				CLANG_WARN__DUPLICATE_METHOD_MATCH = YES;
				"CODE_SIGN_IDENTITY[sdk=iphoneos*]" = "iPhone Developer";
				COPY_PHASE_STRIP = NO;
				DEBUG_INFORMATION_FORMAT = dwarf;
				ENABLE_STRICT_OBJC_MSGSEND = YES;
				ENABLE_TESTABILITY = YES;
				GCC_C_LANGUAGE_STANDARD = gnu99;
				GCC_DYNAMIC_NO_PIC = NO;
				GCC_NO_COMMON_BLOCKS = YES;
				GCC_OPTIMIZATION_LEVEL = 0;
				GCC_PREPROCESSOR_DEFINITIONS = (
					"DEBUG=1",
					"$(inherited)",
				);
				GCC_WARN_64_TO_32_BIT_CONVERSION = YES;
				GCC_WARN_ABOUT_RETURN_TYPE = YES_ERROR;
				GCC_WARN_UNDECLARED_SELECTOR = YES;
				GCC_WARN_UNINITIALIZED_AUTOS = YES_AGGRESSIVE;
				GCC_WARN_UNUSED_FUNCTION = YES;
				GCC_WARN_UNUSED_VARIABLE = YES;
				IPHONEOS_DEPLOYMENT_TARGET = 10.0;
				MTL_ENABLE_DEBUG_INFO = YES;
				ONLY_ACTIVE_ARCH = YES;
				SDKROOT = iphoneos;
				SWIFT_ACTIVE_COMPILATION_CONDITIONS = DEBUG;
				SWIFT_OPTIMIZATION_LEVEL = "-Onone";
			};
			name = Debug;
		};
		9A9FC05B1ED5D166006E95A1 /* Release */ = {
			isa = XCBuildConfiguration;
			buildSettings = {
				ALWAYS_SEARCH_USER_PATHS = NO;
				CLANG_ANALYZER_NONNULL = YES;
				CLANG_ANALYZER_NUMBER_OBJECT_CONVERSION = YES_AGGRESSIVE;
				CLANG_CXX_LANGUAGE_STANDARD = "gnu++0x";
				CLANG_CXX_LIBRARY = "libc++";
				CLANG_ENABLE_MODULES = YES;
				CLANG_ENABLE_OBJC_ARC = YES;
				CLANG_WARN_BLOCK_CAPTURE_AUTORELEASING = YES;
				CLANG_WARN_BOOL_CONVERSION = YES;
				CLANG_WARN_COMMA = YES;
				CLANG_WARN_CONSTANT_CONVERSION = YES;
				CLANG_WARN_DIRECT_OBJC_ISA_USAGE = YES_ERROR;
				CLANG_WARN_DOCUMENTATION_COMMENTS = YES;
				CLANG_WARN_EMPTY_BODY = YES;
				CLANG_WARN_ENUM_CONVERSION = YES;
				CLANG_WARN_INFINITE_RECURSION = YES;
				CLANG_WARN_INT_CONVERSION = YES;
				CLANG_WARN_NON_LITERAL_NULL_CONVERSION = YES;
				CLANG_WARN_OBJC_LITERAL_CONVERSION = YES;
				CLANG_WARN_OBJC_ROOT_CLASS = YES_ERROR;
				CLANG_WARN_RANGE_LOOP_ANALYSIS = YES;
				CLANG_WARN_STRICT_PROTOTYPES = YES;
				CLANG_WARN_SUSPICIOUS_MOVE = YES;
				CLANG_WARN_UNREACHABLE_CODE = YES;
				CLANG_WARN__DUPLICATE_METHOD_MATCH = YES;
				"CODE_SIGN_IDENTITY[sdk=iphoneos*]" = "iPhone Developer";
				COPY_PHASE_STRIP = NO;
				DEBUG_INFORMATION_FORMAT = "dwarf-with-dsym";
				ENABLE_NS_ASSERTIONS = NO;
				ENABLE_STRICT_OBJC_MSGSEND = YES;
				GCC_C_LANGUAGE_STANDARD = gnu99;
				GCC_NO_COMMON_BLOCKS = YES;
				GCC_WARN_64_TO_32_BIT_CONVERSION = YES;
				GCC_WARN_ABOUT_RETURN_TYPE = YES_ERROR;
				GCC_WARN_UNDECLARED_SELECTOR = YES;
				GCC_WARN_UNINITIALIZED_AUTOS = YES_AGGRESSIVE;
				GCC_WARN_UNUSED_FUNCTION = YES;
				GCC_WARN_UNUSED_VARIABLE = YES;
				IPHONEOS_DEPLOYMENT_TARGET = 10.0;
				MTL_ENABLE_DEBUG_INFO = NO;
				SDKROOT = iphoneos;
				SWIFT_OPTIMIZATION_LEVEL = "-Owholemodule";
				VALIDATE_PRODUCT = YES;
			};
			name = Release;
		};
		9A9FC05D1ED5D166006E95A1 /* Debug */ = {
			isa = XCBuildConfiguration;
			buildSettings = {
				ASSETCATALOG_COMPILER_APPICON_NAME = AppIcon;
				"CODE_SIGN_IDENTITY[sdk=iphoneos*]" = "iPhone Developer";
				CODE_SIGN_STYLE = Automatic;
				DEVELOPMENT_TEAM = NB52NRZ5D5;
				ENABLE_BITCODE = NO;
				INFOPLIST_FILE = GIN/Info.plist;
				IPHONEOS_DEPLOYMENT_TARGET = 11.0;
				LD_RUNPATH_SEARCH_PATHS = "$(inherited) @executable_path/Frameworks";
				PRODUCT_BUNDLE_IDENTIFIER = com.cissdev.cissmun;
				PRODUCT_NAME = "$(TARGET_NAME)";
				PROVISIONING_PROFILE = "";
				PROVISIONING_PROFILE_SPECIFIER = "";
				SWIFT_VERSION = 3.0;
				TARGETED_DEVICE_FAMILY = 1;
			};
			name = Debug;
		};
		9A9FC05E1ED5D166006E95A1 /* Release */ = {
			isa = XCBuildConfiguration;
			buildSettings = {
				ASSETCATALOG_COMPILER_APPICON_NAME = AppIcon;
				"CODE_SIGN_IDENTITY[sdk=iphoneos*]" = "iPhone Developer";
				CODE_SIGN_STYLE = Automatic;
				DEVELOPMENT_TEAM = NB52NRZ5D5;
				ENABLE_BITCODE = NO;
				INFOPLIST_FILE = GIN/Info.plist;
				IPHONEOS_DEPLOYMENT_TARGET = 11.0;
				LD_RUNPATH_SEARCH_PATHS = "$(inherited) @executable_path/Frameworks";
				PRODUCT_BUNDLE_IDENTIFIER = com.cissdev.cissmun;
				PRODUCT_NAME = "$(TARGET_NAME)";
				PROVISIONING_PROFILE = "";
				PROVISIONING_PROFILE_SPECIFIER = "";
				SWIFT_VERSION = 3.0;
				TARGETED_DEVICE_FAMILY = 1;
			};
			name = Release;
		};
/* End XCBuildConfiguration section */

/* Begin XCConfigurationList section */
		9A9FC0431ED5D165006E95A1 /* Build configuration list for PBXProject "CISSMUN" */ = {
			isa = XCConfigurationList;
			buildConfigurations = (
				9A9FC05A1ED5D165006E95A1 /* Debug */,
				9A9FC05B1ED5D166006E95A1 /* Release */,
			);
			defaultConfigurationIsVisible = 0;
			defaultConfigurationName = Release;
		};
		9A9FC05C1ED5D166006E95A1 /* Build configuration list for PBXNativeTarget "CISSMUN" */ = {
			isa = XCConfigurationList;
			buildConfigurations = (
				9A9FC05D1ED5D166006E95A1 /* Debug */,
				9A9FC05E1ED5D166006E95A1 /* Release */,
			);
			defaultConfigurationIsVisible = 0;
			defaultConfigurationName = Release;
		};
/* End XCConfigurationList section */
	};
	rootObject = 9A9FC0401ED5D165006E95A1 /* Project object */;
}
