// !$*UTF8*$!
{
	archiveVersion = 1;
	classes = {
	};
	objectVersion = 46;
	objects = {

/* Begin PBXBuildFile section */
		9A9FC04C1ED5D165006E95A1 /* AppDelegate.swift in Sources */ = {isa = PBXBuildFile; fileRef = 9A9FC04B1ED5D165006E95A1 /* AppDelegate.swift */; };
		9A9FC04E1ED5D165006E95A1 /* MUNScheduleViewController.swift in Sources */ = {isa = PBXBuildFile; fileRef = 9A9FC04D1ED5D165006E95A1 /* MUNScheduleViewController.swift */; };
		9A9FC0501ED5D165006E95A1 /* MUNHomeViewController.swift in Sources */ = {isa = PBXBuildFile; fileRef = 9A9FC04F1ED5D165006E95A1 /* MUNHomeViewController.swift */; };
		9A9FC0531ED5D165006E95A1 /* Main.storyboard in Resources */ = {isa = PBXBuildFile; fileRef = 9A9FC0511ED5D165006E95A1 /* Main.storyboard */; };
		9A9FC0551ED5D165006E95A1 /* Assets.xcassets in Resources */ = {isa = PBXBuildFile; fileRef = 9A9FC0541ED5D165006E95A1 /* Assets.xcassets */; };
		9A9FC0581ED5D165006E95A1 /* LaunchScreen.storyboard in Resources */ = {isa = PBXBuildFile; fileRef = 9A9FC0561ED5D165006E95A1 /* LaunchScreen.storyboard */; };
		9AC54D2E1EE84B3700E87B88 /* MUNMapViewController.swift in Sources */ = {isa = PBXBuildFile; fileRef = 9AC54D2D1EE84B3700E87B88 /* MUNMapViewController.swift */; };
		9AC54D321EE84BB900E87B88 /* GINHomeViewController.swift in Sources */ = {isa = PBXBuildFile; fileRef = 9AC54D311EE84BB900E87B88 /* GINHomeViewController.swift */; };
		9AD5687A1EEAB911001D1584 /* WelcomeViewController.swift in Sources */ = {isa = PBXBuildFile; fileRef = 9AD568791EEAB911001D1584 /* WelcomeViewController.swift */; };
		9AE0A3291EE92AAC0078144B /* SettingsTableViewController.swift in Sources */ = {isa = PBXBuildFile; fileRef = 9AE0A3281EE92AAC0078144B /* SettingsTableViewController.swift */; };
		9AFA21511EE9264C006E677E /* GINKeynoteViewController.swift in Sources */ = {isa = PBXBuildFile; fileRef = 9AFA21501EE9264C006E677E /* GINKeynoteViewController.swift */; };
/* End PBXBuildFile section */

/* Begin PBXFileReference section */
		9A9FC0481ED5D165006E95A1 /* CISSMUN.app */ = {isa = PBXFileReference; explicitFileType = wrapper.application; includeInIndex = 0; path = CISSMUN.app; sourceTree = BUILT_PRODUCTS_DIR; };
		9A9FC04B1ED5D165006E95A1 /* AppDelegate.swift */ = {isa = PBXFileReference; lastKnownFileType = sourcecode.swift; path = AppDelegate.swift; sourceTree = "<group>"; };
		9A9FC04D1ED5D165006E95A1 /* MUNScheduleViewController.swift */ = {isa = PBXFileReference; lastKnownFileType = sourcecode.swift; path = MUNScheduleViewController.swift; sourceTree = "<group>"; };
		9A9FC04F1ED5D165006E95A1 /* MUNHomeViewController.swift */ = {isa = PBXFileReference; lastKnownFileType = sourcecode.swift; path = MUNHomeViewController.swift; sourceTree = "<group>"; };
		9A9FC0521ED5D165006E95A1 /* Base */ = {isa = PBXFileReference; lastKnownFileType = file.storyboard; name = Base; path = Base.lproj/Main.storyboard; sourceTree = "<group>"; };
		9A9FC0541ED5D165006E95A1 /* Assets.xcassets */ = {isa = PBXFileReference; lastKnownFileType = folder.assetcatalog; path = Assets.xcassets; sourceTree = "<group>"; };
		9A9FC0571ED5D165006E95A1 /* Base */ = {isa = PBXFileReference; lastKnownFileType = file.storyboard; name = Base; path = Base.lproj/LaunchScreen.storyboard; sourceTree = "<group>"; };
		9A9FC0591ED5D165006E95A1 /* Info.plist */ = {isa = PBXFileReference; lastKnownFileType = text.plist.xml; path = Info.plist; sourceTree = "<group>"; };
		9AC54D2D1EE84B3700E87B88 /* MUNMapViewController.swift */ = {isa = PBXFileReference; fileEncoding = 4; lastKnownFileType = sourcecode.swift; path = MUNMapViewController.swift; sourceTree = "<group>"; };
		9AC54D311EE84BB900E87B88 /* GINHomeViewController.swift */ = {isa = PBXFileReference; fileEncoding = 4; lastKnownFileType = sourcecode.swift; path = GINHomeViewController.swift; sourceTree = "<group>"; };
		9AD568791EEAB911001D1584 /* WelcomeViewController.swift */ = {isa = PBXFileReference; fileEncoding = 4; lastKnownFileType = sourcecode.swift; path = WelcomeViewController.swift; sourceTree = "<group>"; };
		9AE0A3281EE92AAC0078144B /* SettingsTableViewController.swift */ = {isa = PBXFileReference; fileEncoding = 4; lastKnownFileType = sourcecode.swift; path = SettingsTableViewController.swift; sourceTree = "<group>"; };
		9AFA21501EE9264C006E677E /* GINKeynoteViewController.swift */ = {isa = PBXFileReference; fileEncoding = 4; lastKnownFileType = sourcecode.swift; path = GINKeynoteViewController.swift; sourceTree = "<group>"; };
/* End PBXFileReference section */

/* Begin PBXFrameworksBuildPhase section */
		9A9FC0451ED5D165006E95A1 /* Frameworks */ = {
			isa = PBXFrameworksBuildPhase;
			buildActionMask = 2147483647;
			files = (
			);
			runOnlyForDeploymentPostprocessing = 0;
		};
/* End PBXFrameworksBuildPhase section */

/* Begin PBXGroup section */
		9A9FC03F1ED5D165006E95A1 = {
			isa = PBXGroup;
			children = (
				9A9FC04A1ED5D165006E95A1 /* CISSMUN */,
				9A9FC0491ED5D165006E95A1 /* Products */,
			);
			sourceTree = "<group>";
		};
		9A9FC0491ED5D165006E95A1 /* Products */ = {
			isa = PBXGroup;
			children = (
				9A9FC0481ED5D165006E95A1 /* CISSMUN.app */,
			);
			name = Products;
			sourceTree = "<group>";
		};
		9A9FC04A1ED5D165006E95A1 /* CISSMUN */ = {
			isa = PBXGroup;
			children = (
				9AC54D301EE84B7E00E87B88 /* GIN */,
				9AC54D2F1EE84B7000E87B88 /* MUN */,
				9A9FC04B1ED5D165006E95A1 /* AppDelegate.swift */,
				9A9FC0511ED5D165006E95A1 /* Main.storyboard */,
				9A9FC0541ED5D165006E95A1 /* Assets.xcassets */,
				9A9FC0561ED5D165006E95A1 /* LaunchScreen.storyboard */,
				9A9FC0591ED5D165006E95A1 /* Info.plist */,
				9AE0A3281EE92AAC0078144B /* SettingsTableViewController.swift */,
				9AD568791EEAB911001D1584 /* WelcomeViewController.swift */,
			);
			name = CISSMUN;
			path = GIN;
			sourceTree = "<group>";
		};
		9AC54D2F1EE84B7000E87B88 /* MUN */ = {
			isa = PBXGroup;
			children = (
				9A9FC04D1ED5D165006E95A1 /* MUNScheduleViewController.swift */,
				9A9FC04F1ED5D165006E95A1 /* MUNHomeViewController.swift */,
				9AC54D2D1EE84B3700E87B88 /* MUNMapViewController.swift */,
			);
			name = MUN;
			sourceTree = "<group>";
		};
		9AC54D301EE84B7E00E87B88 /* GIN */ = {
			isa = PBXGroup;
			children = (
				9AC54D311EE84BB900E87B88 /* GINHomeViewController.swift */,
				9AFA21501EE9264C006E677E /* GINKeynoteViewController.swift */,
			);
			name = GIN;
			sourceTree = "<group>";
		};
/* End PBXGroup section */

/* Begin PBXNativeTarget section */
		9A9FC0471ED5D165006E95A1 /* CISSMUN */ = {
			isa = PBXNativeTarget;
			buildConfigurationList = 9A9FC05C1ED5D166006E95A1 /* Build configuration list for PBXNativeTarget "CISSMUN" */;
			buildPhases = (
				9A9FC0441ED5D165006E95A1 /* Sources */,
				9A9FC0451ED5D165006E95A1 /* Frameworks */,
				9A9FC0461ED5D165006E95A1 /* Resources */,
			);
			buildRules = (
			);
			dependencies = (
			);
			name = CISSMUN;
			productName = GIN;
			productReference = 9A9FC0481ED5D165006E95A1 /* CISSMUN.app */;
			productType = "com.apple.product-type.application";
		};
/* End PBXNativeTarget section */

/* Begin PBXProject section */
		9A9FC0401ED5D165006E95A1 /* Project object */ = {
			isa = PBXProject;
			attributes = {
				LastSwiftUpdateCheck = 0830;
				LastUpgradeCheck = 0830;
				ORGANIZATIONNAME = "Stanley Liu";
				TargetAttributes = {
					9A9FC0471ED5D165006E95A1 = {
						CreatedOnToolsVersion = 8.3.2;
						DevelopmentTeam = W6P4UYXYB5;
						ProvisioningStyle = Automatic;
					};
				};
			};
			buildConfigurationList = 9A9FC0431ED5D165006E95A1 /* Build configuration list for PBXProject "CISSMUN" */;
			compatibilityVersion = "Xcode 3.2";
			developmentRegion = English;
			hasScannedForEncodings = 0;
			knownRegions = (
				en,
				Base,
			);
			mainGroup = 9A9FC03F1ED5D165006E95A1;
			productRefGroup = 9A9FC0491ED5D165006E95A1 /* Products */;
			projectDirPath = "";
			projectRoot = "";
			targets = (
				9A9FC0471ED5D165006E95A1 /* CISSMUN */,
			);
		};
/* End PBXProject section */

/* Begin PBXResourcesBuildPhase section */
		9A9FC0461ED5D165006E95A1 /* Resources */ = {
			isa = PBXResourcesBuildPhase;
			buildActionMask = 2147483647;
			files = (
				9A9FC0581ED5D165006E95A1 /* LaunchScreen.storyboard in Resources */,
				9A9FC0551ED5D165006E95A1 /* Assets.xcassets in Resources */,
				9A9FC0531ED5D165006E95A1 /* Main.storyboard in Resources */,
			);
			runOnlyForDeploymentPostprocessing = 0;
		};
/* End PBXResourcesBuildPhase section */

/* Begin PBXSourcesBuildPhase section */
		9A9FC0441ED5D165006E95A1 /* Sources */ = {
			isa = PBXSourcesBuildPhase;
			buildActionMask = 2147483647;
			files = (
				9A9FC0501ED5D165006E95A1 /* MUNHomeViewController.swift in Sources */,
				9AD5687A1EEAB911001D1584 /* WelcomeViewController.swift in Sources */,
				9A9FC04C1ED5D165006E95A1 /* AppDelegate.swift in Sources */,
				9AC54D2E1EE84B3700E87B88 /* MUNMapViewController.swift in Sources */,
				9A9FC04E1ED5D165006E95A1 /* MUNScheduleViewController.swift in Sources */,
				9AC54D321EE84BB900E87B88 /* GINHomeViewController.swift in Sources */,
				9AFA21511EE9264C006E677E /* GINKeynoteViewController.swift in Sources */,
				9AE0A3291EE92AAC0078144B /* SettingsTableViewController.swift in Sources */,
			);
			runOnlyForDeploymentPostprocessing = 0;
		};
/* End PBXSourcesBuildPhase section */

/* Begin PBXVariantGroup section */
		9A9FC0511ED5D165006E95A1 /* Main.storyboard */ = {
			isa = PBXVariantGroup;
			children = (
				9A9FC0521ED5D165006E95A1 /* Base */,
			);
			name = Main.storyboard;
			sourceTree = "<group>";
		};
		9A9FC0561ED5D165006E95A1 /* LaunchScreen.storyboard */ = {
			isa = PBXVariantGroup;
			children = (
				9A9FC0571ED5D165006E95A1 /* Base */,
			);
			name = LaunchScreen.storyboard;
			sourceTree = "<group>";
		};
/* End PBXVariantGroup section */

/* Begin XCBuildConfiguration section */
		9A9FC05A1ED5D165006E95A1 /* Debug */ = {
			isa = XCBuildConfiguration;
			buildSettings = {
				ALWAYS_SEARCH_USER_PATHS = NO;
				CLANG_ANALYZER_NONNULL = YES;
				CLANG_ANALYZER_NUMBER_OBJECT_CONVERSION = YES_AGGRESSIVE;
				CLANG_CXX_LANGUAGE_STANDARD = "gnu++0x";
				CLANG_CXX_LIBRARY = "libc++";
				CLANG_ENABLE_MODULES = YES;
				CLANG_ENABLE_OBJC_ARC = YES;
				CLANG_WARN_BOOL_CONVERSION = YES;
				CLANG_WARN_CONSTANT_CONVERSION = YES;
				CLANG_WARN_DIRECT_OBJC_ISA_USAGE = YES_ERROR;
				CLANG_WARN_DOCUMENTATION_COMMENTS = YES;
				CLANG_WARN_EMPTY_BODY = YES;
				CLANG_WARN_ENUM_CONVERSION = YES;
				CLANG_WARN_INFINITE_RECURSION = YES;
				CLANG_WARN_INT_CONVERSION = YES;
				CLANG_WARN_OBJC_ROOT_CLASS = YES_ERROR;
				CLANG_WARN_SUSPICIOUS_MOVE = YES;
				CLANG_WARN_UNREACHABLE_CODE = YES;
				CLANG_WARN__DUPLICATE_METHOD_MATCH = YES;
				"CODE_SIGN_IDENTITY[sdk=iphoneos*]" = "iPhone Developer";
				COPY_PHASE_STRIP = NO;
				DEBUG_INFORMATION_FORMAT = dwarf;
				ENABLE_STRICT_OBJC_MSGSEND = YES;
				ENABLE_TESTABILITY = YES;
				GCC_C_LANGUAGE_STANDARD = gnu99;
				GCC_DYNAMIC_NO_PIC = NO;
				GCC_NO_COMMON_BLOCKS = YES;
				GCC_OPTIMIZATION_LEVEL = 0;
				GCC_PREPROCESSOR_DEFINITIONS = (
					"DEBUG=1",
					"$(inherited)",
				);
				GCC_WARN_64_TO_32_BIT_CONVERSION = YES;
				GCC_WARN_ABOUT_RETURN_TYPE = YES_ERROR;
				GCC_WARN_UNDECLARED_SELECTOR = YES;
				GCC_WARN_UNINITIALIZED_AUTOS = YES_AGGRESSIVE;
				GCC_WARN_UNUSED_FUNCTION = YES;
				GCC_WARN_UNUSED_VARIABLE = YES;
				IPHONEOS_DEPLOYMENT_TARGET = 10.3;
				MTL_ENABLE_DEBUG_INFO = YES;
				ONLY_ACTIVE_ARCH = YES;
				SDKROOT = iphoneos;
				SWIFT_ACTIVE_COMPILATION_CONDITIONS = DEBUG;
				SWIFT_OPTIMIZATION_LEVEL = "-Onone";
			};
			name = Debug;
		};
		9A9FC05B1ED5D166006E95A1 /* Release */ = {
			isa = XCBuildConfiguration;
			buildSettings = {
				ALWAYS_SEARCH_USER_PATHS = NO;
				CLANG_ANALYZER_NONNULL = YES;
				CLANG_ANALYZER_NUMBER_OBJECT_CONVERSION = YES_AGGRESSIVE;
				CLANG_CXX_LANGUAGE_STANDARD = "gnu++0x";
				CLANG_CXX_LIBRARY = "libc++";
				CLANG_ENABLE_MODULES = YES;
				CLANG_ENABLE_OBJC_ARC = YES;
				CLANG_WARN_BOOL_CONVERSION = YES;
				CLANG_WARN_CONSTANT_CONVERSION = YES;
				CLANG_WARN_DIRECT_OBJC_ISA_USAGE = YES_ERROR;
				CLANG_WARN_DOCUMENTATION_COMMENTS = YES;
				CLANG_WARN_EMPTY_BODY = YES;
				CLANG_WARN_ENUM_CONVERSION = YES;
				CLANG_WARN_INFINITE_RECURSION = YES;
				CLANG_WARN_INT_CONVERSION = YES;
				CLANG_WARN_OBJC_ROOT_CLASS = YES_ERROR;
				CLANG_WARN_SUSPICIOUS_MOVE = YES;
				CLANG_WARN_UNREACHABLE_CODE = YES;
				CLANG_WARN__DUPLICATE_METHOD_MATCH = YES;
				"CODE_SIGN_IDENTITY[sdk=iphoneos*]" = "iPhone Developer";
				COPY_PHASE_STRIP = NO;
				DEBUG_INFORMATION_FORMAT = "dwarf-with-dsym";
				ENABLE_NS_ASSERTIONS = NO;
				ENABLE_STRICT_OBJC_MSGSEND = YES;
				GCC_C_LANGUAGE_STANDARD = gnu99;
				GCC_NO_COMMON_BLOCKS = YES;
				GCC_WARN_64_TO_32_BIT_CONVERSION = YES;
				GCC_WARN_ABOUT_RETURN_TYPE = YES_ERROR;
				GCC_WARN_UNDECLARED_SELECTOR = YES;
				GCC_WARN_UNINITIALIZED_AUTOS = YES_AGGRESSIVE;
				GCC_WARN_UNUSED_FUNCTION = YES;
				GCC_WARN_UNUSED_VARIABLE = YES;
				IPHONEOS_DEPLOYMENT_TARGET = 10.3;
				MTL_ENABLE_DEBUG_INFO = NO;
				SDKROOT = iphoneos;
				SWIFT_OPTIMIZATION_LEVEL = "-Owholemodule";
				VALIDATE_PRODUCT = YES;
			};
			name = Release;
		};
		9A9FC05D1ED5D166006E95A1 /* Debug */ = {
			isa = XCBuildConfiguration;
			buildSettings = {
				ASSETCATALOG_COMPILER_APPICON_NAME = AppIcon;
				DEVELOPMENT_TEAM = W6P4UYXYB5;
				INFOPLIST_FILE = GIN/Info.plist;
				LD_RUNPATH_SEARCH_PATHS = "$(inherited) @executable_path/Frameworks";
				PRODUCT_BUNDLE_IDENTIFIER = com.ciss.cissmun;
				PRODUCT_NAME = "$(TARGET_NAME)";
				SWIFT_VERSION = 3.0;
			};
			name = Debug;
		};
		9A9FC05E1ED5D166006E95A1 /* Release */ = {
			isa = XCBuildConfiguration;
			buildSettings = {
				ASSETCATALOG_COMPILER_APPICON_NAME = AppIcon;
				DEVELOPMENT_TEAM = W6P4UYXYB5;
				INFOPLIST_FILE = GIN/Info.plist;
				LD_RUNPATH_SEARCH_PATHS = "$(inherited) @executable_path/Frameworks";
				PRODUCT_BUNDLE_IDENTIFIER = com.ciss.cissmun;
				PRODUCT_NAME = "$(TARGET_NAME)";
				SWIFT_VERSION = 3.0;
			};
			name = Release;
		};
/* End XCBuildConfiguration section */

/* Begin XCConfigurationList section */
		9A9FC0431ED5D165006E95A1 /* Build configuration list for PBXProject "CISSMUN" */ = {
			isa = XCConfigurationList;
			buildConfigurations = (
				9A9FC05A1ED5D165006E95A1 /* Debug */,
				9A9FC05B1ED5D166006E95A1 /* Release */,
			);
			defaultConfigurationIsVisible = 0;
			defaultConfigurationName = Release;
		};
		9A9FC05C1ED5D166006E95A1 /* Build configuration list for PBXNativeTarget "CISSMUN" */ = {
			isa = XCConfigurationList;
			buildConfigurations = (
				9A9FC05D1ED5D166006E95A1 /* Debug */,
				9A9FC05E1ED5D166006E95A1 /* Release */,
			);
			defaultConfigurationIsVisible = 0;
			defaultConfigurationName = Release;
		};
/* End XCConfigurationList section */
	};
	rootObject = 9A9FC0401ED5D165006E95A1 /* Project object */;
}
